
Microsoft Visual Studio Solution File, Format Version 12.00
# Visual Studio Version 17
VisualStudioVersion = 17.7.34202.233
MinimumVisualStudioVersion = 10.0.40219.1
Project("{FAE04EC0-301F-11D3-BF4B-00C04F79EFBC}") = "KikyouMod", "ChillWithYou-Mods\KikyouMod.csproj", "{B15D1DC0-F49F-41E5-941C-F5537E9F8D54}"
EndProject
Project("{FAE04EC0-301F-11D3-BF4B-00C04F79EFBC}") = "YtDownloader", "YtDownloader\YtDownloader.csproj", "{56A8FD6E-FF97-472B-83D8-F9C2200EF5F1}"
EndProject
Global
	GlobalSection(SolutionConfigurationPlatforms) = preSolution
		Debug|Any CPU = Debug|Any CPU
		Release|Any CPU = Release|Any CPU
	EndGlobalSection
	GlobalSection(ProjectConfigurationPlatforms) = postSolution
		{B15D1DC0-F49F-41E5-941C-F5537E9F8D54}.Debug|Any CPU.ActiveCfg = Debug|Any CPU
		{B15D1DC0-F49F-41E5-941C-F5537E9F8D54}.Debug|Any CPU.Build.0 = Debug|Any CPU
		{B15D1DC0-F49F-41E5-941C-F5537E9F8D54}.Release|Any CPU.ActiveCfg = Release|Any CPU
		{B15D1DC0-F49F-41E5-941C-F5537E9F8D54}.Release|Any CPU.Build.0 = Release|Any CPU
		{56A8FD6E-FF97-472B-83D8-F9C2200EF5F1}.Debug|Any CPU.ActiveCfg = Debug|Any CPU
		{56A8FD6E-FF97-472B-83D8-F9C2200EF5F1}.Debug|Any CPU.Build.0 = Debug|Any CPU
		{56A8FD6E-FF97-472B-83D8-F9C2200EF5F1}.Release|Any CPU.ActiveCfg = Release|Any CPU
		{56A8FD6E-FF97-472B-83D8-F9C2200EF5F1}.Release|Any CPU.Build.0 = Release|Any CPU
	EndGlobalSection
	GlobalSection(SolutionProperties) = preSolution
		HideSolutionNode = FALSE
	EndGlobalSection
	GlobalSection(ExtensibilityGlobals) = postSolution
		SolutionGuid = {17681D67-2C8C-4FA3-B19A-5810E8EEC4B7}
	EndGlobalSection
EndGlobal

